
Microsoft Visual Studio Solution File, Format Version 12.00
# Visual Studio Version 16
VisualStudioVersion = 16.0.29411.108
MinimumVisualStudioVersion = 10.0.40219.1
Project("{FAE04EC0-301F-11D3-BF4B-00C04F79EFBC}") = "MVC-Demo", "MVC-Demo.csproj", "{855D3CEF-3A99-41E0-852C-8A9FD97482DF}"
EndProject
Global
	GlobalSection(SolutionConfigurationPlatforms) = preSolution
		Debug|Any CPU = Debug|Any CPU
		Release|Any CPU = Release|Any CPU
	EndGlobalSection
	GlobalSection(ProjectConfigurationPlatforms) = postSolution
		{855D3CEF-3A99-41E0-852C-8A9FD97482DF}.Debug|Any CPU.ActiveCfg = Debug|Any CPU
		{855D3CEF-3A99-41E0-852C-8A9FD97482DF}.Debug|Any CPU.Build.0 = Debug|Any CPU
		{855D3CEF-3A99-41E0-852C-8A9FD97482DF}.Release|Any CPU.ActiveCfg = Release|Any CPU
		{855D3CEF-3A99-41E0-852C-8A9FD97482DF}.Release|Any CPU.Build.0 = Release|Any CPU
	EndGlobalSection
	GlobalSection(SolutionProperties) = preSolution
		HideSolutionNode = FALSE
	EndGlobalSection
	GlobalSection(ExtensibilityGlobals) = postSolution
		SolutionGuid = {19F4EECE-3C3F-46A8-BD3E-829DFD88BD8F}
	EndGlobalSection
EndGlobal
